
Microsoft Visual Studio Solution File, Format Version 12.00
# Visual Studio Version 17
VisualStudioVersion = 17.0.31903.59
MinimumVisualStudioVersion = 10.0.40219.1
Project("{2150E333-8FDC-42A3-9474-1A3956D46DE8}") = "src", "src", "{827E0CD3-B72D-47B6-A68D-7590B98EB39B}"
EndProject
Project("{FAE04EC0-301F-11D3-BF4B-00C04F79EFBC}") = "Web.API", "src\Web.API\Web.API.csproj", "{EC2D4A29-1C4A-4887-ADA0-AD26C38E52BB}"
EndProject
Project("{FAE04EC0-301F-11D3-BF4B-00C04F79EFBC}") = "Application", "src\Application\Application.csproj", "{FE8CC035-8503-4901-8BB4-F744BBC68A1D}"
EndProject
Project("{FAE04EC0-301F-11D3-BF4B-00C04F79EFBC}") = "Domain", "src\Domain\Domain.csproj", "{941A9570-CF33-485B-B29F-31F14E10E317}"
EndProject
Project("{FAE04EC0-301F-11D3-BF4B-00C04F79EFBC}") = "Infrastructure", "src\Infrastructure\Infrastructure.csproj", "{154A7FC3-EFF8-435B-8C31-6655E0711E21}"
EndProject
Global
	GlobalSection(SolutionConfigurationPlatforms) = preSolution
		Debug|Any CPU = Debug|Any CPU
		Debug|x64 = Debug|x64
		Debug|x86 = Debug|x86
		Release|Any CPU = Release|Any CPU
		Release|x64 = Release|x64
		Release|x86 = Release|x86
	EndGlobalSection
	GlobalSection(ProjectConfigurationPlatforms) = postSolution
		{EC2D4A29-1C4A-4887-ADA0-AD26C38E52BB}.Debug|Any CPU.ActiveCfg = Debug|Any CPU
		{EC2D4A29-1C4A-4887-ADA0-AD26C38E52BB}.Debug|Any CPU.Build.0 = Debug|Any CPU
		{EC2D4A29-1C4A-4887-ADA0-AD26C38E52BB}.Debug|x64.ActiveCfg = Debug|Any CPU
		{EC2D4A29-1C4A-4887-ADA0-AD26C38E52BB}.Debug|x64.Build.0 = Debug|Any CPU
		{EC2D4A29-1C4A-4887-ADA0-AD26C38E52BB}.Debug|x86.ActiveCfg = Debug|Any CPU
		{EC2D4A29-1C4A-4887-ADA0-AD26C38E52BB}.Debug|x86.Build.0 = Debug|Any CPU
		{EC2D4A29-1C4A-4887-ADA0-AD26C38E52BB}.Release|Any CPU.ActiveCfg = Release|Any CPU
		{EC2D4A29-1C4A-4887-ADA0-AD26C38E52BB}.Release|Any CPU.Build.0 = Release|Any CPU
		{EC2D4A29-1C4A-4887-ADA0-AD26C38E52BB}.Release|x64.ActiveCfg = Release|Any CPU
		{EC2D4A29-1C4A-4887-ADA0-AD26C38E52BB}.Release|x64.Build.0 = Release|Any CPU
		{EC2D4A29-1C4A-4887-ADA0-AD26C38E52BB}.Release|x86.ActiveCfg = Release|Any CPU
		{EC2D4A29-1C4A-4887-ADA0-AD26C38E52BB}.Release|x86.Build.0 = Release|Any CPU
		{FE8CC035-8503-4901-8BB4-F744BBC68A1D}.Debug|Any CPU.ActiveCfg = Debug|Any CPU
		{FE8CC035-8503-4901-8BB4-F744BBC68A1D}.Debug|Any CPU.Build.0 = Debug|Any CPU
		{FE8CC035-8503-4901-8BB4-F744BBC68A1D}.Debug|x64.ActiveCfg = Debug|Any CPU
		{FE8CC035-8503-4901-8BB4-F744BBC68A1D}.Debug|x64.Build.0 = Debug|Any CPU
		{FE8CC035-8503-4901-8BB4-F744BBC68A1D}.Debug|x86.ActiveCfg = Debug|Any CPU
		{FE8CC035-8503-4901-8BB4-F744BBC68A1D}.Debug|x86.Build.0 = Debug|Any CPU
		{FE8CC035-8503-4901-8BB4-F744BBC68A1D}.Release|Any CPU.ActiveCfg = Release|Any CPU
		{FE8CC035-8503-4901-8BB4-F744BBC68A1D}.Release|Any CPU.Build.0 = Release|Any CPU
		{FE8CC035-8503-4901-8BB4-F744BBC68A1D}.Release|x64.ActiveCfg = Release|Any CPU
		{FE8CC035-8503-4901-8BB4-F744BBC68A1D}.Release|x64.Build.0 = Release|Any CPU
		{FE8CC035-8503-4901-8BB4-F744BBC68A1D}.Release|x86.ActiveCfg = Release|Any CPU
		{FE8CC035-8503-4901-8BB4-F744BBC68A1D}.Release|x86.Build.0 = Release|Any CPU
		{941A9570-CF33-485B-B29F-31F14E10E317}.Debug|Any CPU.ActiveCfg = Debug|Any CPU
		{941A9570-CF33-485B-B29F-31F14E10E317}.Debug|Any CPU.Build.0 = Debug|Any CPU
		{941A9570-CF33-485B-B29F-31F14E10E317}.Debug|x64.ActiveCfg = Debug|Any CPU
		{941A9570-CF33-485B-B29F-31F14E10E317}.Debug|x64.Build.0 = Debug|Any CPU
		{941A9570-CF33-485B-B29F-31F14E10E317}.Debug|x86.ActiveCfg = Debug|Any CPU
		{941A9570-CF33-485B-B29F-31F14E10E317}.Debug|x86.Build.0 = Debug|Any CPU
		{941A9570-CF33-485B-B29F-31F14E10E317}.Release|Any CPU.ActiveCfg = Release|Any CPU
		{941A9570-CF33-485B-B29F-31F14E10E317}.Release|Any CPU.Build.0 = Release|Any CPU
		{941A9570-CF33-485B-B29F-31F14E10E317}.Release|x64.ActiveCfg = Release|Any CPU
		{941A9570-CF33-485B-B29F-31F14E10E317}.Release|x64.Build.0 = Release|Any CPU
		{941A9570-CF33-485B-B29F-31F14E10E317}.Release|x86.ActiveCfg = Release|Any CPU
		{941A9570-CF33-485B-B29F-31F14E10E317}.Release|x86.Build.0 = Release|Any CPU
		{154A7FC3-EFF8-435B-8C31-6655E0711E21}.Debug|Any CPU.ActiveCfg = Debug|Any CPU
		{154A7FC3-EFF8-435B-8C31-6655E0711E21}.Debug|Any CPU.Build.0 = Debug|Any CPU
		{154A7FC3-EFF8-435B-8C31-6655E0711E21}.Debug|x64.ActiveCfg = Debug|Any CPU
		{154A7FC3-EFF8-435B-8C31-6655E0711E21}.Debug|x64.Build.0 = Debug|Any CPU
		{154A7FC3-EFF8-435B-8C31-6655E0711E21}.Debug|x86.ActiveCfg = Debug|Any CPU
		{154A7FC3-EFF8-435B-8C31-6655E0711E21}.Debug|x86.Build.0 = Debug|Any CPU
		{154A7FC3-EFF8-435B-8C31-6655E0711E21}.Release|Any CPU.ActiveCfg = Release|Any CPU
		{154A7FC3-EFF8-435B-8C31-6655E0711E21}.Release|Any CPU.Build.0 = Release|Any CPU
		{154A7FC3-EFF8-435B-8C31-6655E0711E21}.Release|x64.ActiveCfg = Release|Any CPU
		{154A7FC3-EFF8-435B-8C31-6655E0711E21}.Release|x64.Build.0 = Release|Any CPU
		{154A7FC3-EFF8-435B-8C31-6655E0711E21}.Release|x86.ActiveCfg = Release|Any CPU
		{154A7FC3-EFF8-435B-8C31-6655E0711E21}.Release|x86.Build.0 = Release|Any CPU
	EndGlobalSection
	GlobalSection(SolutionProperties) = preSolution
		HideSolutionNode = FALSE
	EndGlobalSection
	GlobalSection(NestedProjects) = preSolution
		{EC2D4A29-1C4A-4887-ADA0-AD26C38E52BB} = {827E0CD3-B72D-47B6-A68D-7590B98EB39B}
		{FE8CC035-8503-4901-8BB4-F744BBC68A1D} = {827E0CD3-B72D-47B6-A68D-7590B98EB39B}
		{941A9570-CF33-485B-B29F-31F14E10E317} = {827E0CD3-B72D-47B6-A68D-7590B98EB39B}
		{154A7FC3-EFF8-435B-8C31-6655E0711E21} = {827E0CD3-B72D-47B6-A68D-7590B98EB39B}
	EndGlobalSection
EndGlobal
